
Microsoft Visual Studio Solution File, Format Version 12.00
# Visual Studio Version 17
VisualStudioVersion = 17.10.35122.118
MinimumVisualStudioVersion = 10.0.40219.1
Project("{FAE04EC0-301F-11D3-BF4B-00C04F79EFBC}") = "CertificateMangerAPI", "CertificateMangerAPI.csproj", "{58103135-81C9-42A4-ADF5-2BD922613C5A}"
EndProject
Global
	GlobalSection(SolutionConfigurationPlatforms) = preSolution
		Debug|Any CPU = Debug|Any CPU
		Release|Any CPU = Release|Any CPU
	EndGlobalSection
	GlobalSection(ProjectConfigurationPlatforms) = postSolution
		{58103135-81C9-42A4-ADF5-2BD922613C5A}.Debug|Any CPU.ActiveCfg = Debug|Any CPU
		{58103135-81C9-42A4-ADF5-2BD922613C5A}.Debug|Any CPU.Build.0 = Debug|Any CPU
		{58103135-81C9-42A4-ADF5-2BD922613C5A}.Release|Any CPU.ActiveCfg = Release|Any CPU
		{58103135-81C9-42A4-ADF5-2BD922613C5A}.Release|Any CPU.Build.0 = Release|Any CPU
	EndGlobalSection
	GlobalSection(SolutionProperties) = preSolution
		HideSolutionNode = FALSE
	EndGlobalSection
	GlobalSection(ExtensibilityGlobals) = postSolution
		SolutionGuid = {F7F1610D-4431-4079-A8C8-3AB995C2836F}
	EndGlobalSection
EndGlobal
